name: Split visual
ref: lb/hero/split-visual
type: fe
labb_version: ">=0.5.0"
description: "Hero copy beside a framed product shot, built from theme tokens — no image asset and no JavaScript"
category: hero
status: launch
thumbnail: thumbnails/split-visual.png
tags:
  - hero
  - marketing
  - static
  - zero-js
preview_context: {}
changelog:
  - date: "2026-07-14"
    notes:
      - "Initial release"
