name: Two-column visual
ref: lb/auth/two-column-visual
type: fe
labb_version: ">=0.5.0"
description: "Sign-in UI beside a framed product shot built from components, not a screenshot, with no image asset and no JavaScript. Markup only, with no server behind it, so it does not sign anyone in."
category: auth
status: launch
thumbnail: thumbnails/two-column-visual.png
tags:
  - auth
  - sign-in
  - oauth
  - static
  - zero-js
preview_context: {}
changelog:
  - date: "2026-07-14"
    notes:
      - "Initial release"

allow_fixed_colours:
  - "#0f766e"
  - "#0284c7"
  - "#d97706"
