name: Table with filters
ref: lb/data-table/with-filters
type: fe
labb_version: ">=0.5.0"
description: "A filter toolbar whose chips narrow the table from a client signal — no endpoint, no query string, nothing on the wire"
category: data-table
thumbnail: thumbnails/with-filters.png
status: launch
tags:
  - datatable
  - filters
  - reactive
  - signals
  - zero-server
changelog:
  - date: "2026-07-14"
    notes:
      - "Initial release"

preview_context:
  total: 8
  filters:
    status: ""
    health: ""
    tone: "neutral"
    summary: "All accounts"
  status_chips:
    - value: ""
      label: "All"
    - value: "active"
      label: "Active"
    - value: "trial"
      label: "Trial"
    - value: "past-due"
      label: "Past due"
    - value: "churned"
      label: "Churned"
  health_chips:
    - value: ""
      label: "Any"
    - value: "healthy"
      label: "Healthy"
    - value: "watch"
      label: "Watch"
    - value: "risk"
      label: "At risk"
  customers:
    - initials: "AF"
      company: "AtlasForge"
      contact: "Mara Quill"
      email: "mara@atlasforge.io"
      plan: "Scale"
      status_key: "active"
      status: "Active"
      status_variant: "success"
      health_key: "healthy"
      health: "Healthy"
      health_variant: "success"
      mrr: "4,480"
      seats: "42"
      renews: "2 Nov 2026"
    - initials: "KB"
      company: "Kite & Bell"
      contact: "Jonah Price"
      email: "jonah@kiteandbell.com"
      plan: "Growth"
      status_key: "active"
      status: "Active"
      status_variant: "success"
      health_key: "watch"
      health: "Watch"
      health_variant: "warning"
      mrr: "1,940"
      seats: "18"
      renews: "18 Sep 2026"
    - initials: "NC"
      company: "Northwind Co"
      contact: "Elise Faraday"
      email: "elise@northwind.co"
      plan: "Growth"
      status_key: "trial"
      status: "Trial"
      status_variant: "info"
      health_key: "healthy"
      health: "Healthy"
      health_variant: "success"
      mrr: "0"
      seats: "12"
      renews: "29 Jul 2026"
    - initials: "VL"
      company: "Verity Labs"
      contact: "Sam Okonkwo"
      email: "sam@veritylabs.com"
      plan: "Starter"
      status_key: "active"
      status: "Active"
      status_variant: "success"
      health_key: "healthy"
      health: "Healthy"
      health_variant: "success"
      mrr: "490"
      seats: "6"
      renews: "14 Aug 2026"
    - initials: "IG"
      company: "Ironvale Group"
      contact: "Priya Raman"
      email: "priya@ironvale.com"
      plan: "Scale"
      status_key: "past-due"
      status: "Past due"
      status_variant: "warning"
      health_key: "risk"
      health: "At risk"
      health_variant: "error"
      mrr: "6,720"
      seats: "64"
      renews: "1 Aug 2026"
    - initials: "HF"
      company: "Halloway & Finch"
      contact: "Tom Halloway"
      email: "tom@hallowayfinch.com"
      plan: "Starter"
      status_key: "active"
      status: "Active"
      status_variant: "success"
      health_key: "watch"
      health: "Watch"
      health_variant: "warning"
      mrr: "245"
      seats: "3"
      renews: "5 Oct 2026"
    - initials: "OS"
      company: "Orrery Systems"
      contact: "Ada Wren"
      email: "ada@orrery.systems"
      plan: "Growth"
      status_key: "active"
      status: "Active"
      status_variant: "success"
      health_key: "healthy"
      health: "Healthy"
      health_variant: "success"
      mrr: "2,380"
      seats: "24"
      renews: "11 Dec 2026"
    - initials: "SL"
      company: "Silverbeck Logistics"
      contact: "Nils Berger"
      email: "nils@silverbeck.eu"
      plan: "Growth"
      status_key: "churned"
      status: "Churned"
      status_variant: "neutral"
      health_key: "risk"
      health: "At risk"
      health_variant: "error"
      mrr: "0"
      seats: "22"
      renews: "3 Jun 2026"
