name: Social proof
ref: lb/auth/social-proof
type: fe
labb_version: ">=0.5.0"
description: "Sign-in under a logo cloud and a rating strip — conversion-shaped, and it ships no JavaScript at all"
category: auth
status: launch
thumbnail: thumbnails/social-proof.png
tags:
  - auth
  - sign-in
  - oauth
  - static
  - zero-js
preview_context: {}
changelog:
  - date: "2026-07-14"
    notes:
      - "Initial release"
