name: Gradient mesh
ref: lb/hero/gradient-mesh
type: fe
labb_version: ">=0.5.0"
description: "A hero crowned by a deliberate fixed-colour mesh gradient that renders identically in every theme, over content built from daisyUI tokens"
category: hero
status: launch
thumbnail: thumbnails/gradient-mesh.png
# The one sanctioned fixed-colour exception: a curated brand mesh that must look
# the same in light and dark, so it cannot be a theme token. Everything else in
# the block stays token-only.
allow_fixed_colours:
  - "#8b5cf6"
  - "#d946ef"
  - "#f472b6"
  - "#fb923c"
tags:
  - hero
  - marketing
  - static
  - zero-js
  - theming
preview_context: {}
changelog:
  - date: "2026-07-14"
    notes:
      - "Initial release"
