name: Compact table
ref: lb/data-table/compact
type: fe
labb_version: ">=0.5.0"
description: "A dense account table for data-heavy screens: eight columns, tight rows, tabular figures and zero JavaScript"
category: data-table
thumbnail: thumbnails/compact.png
status: launch
tags:
  - datatable
  - compact
  - zero-js
  - static
changelog:
  - date: "2026-07-14"
    notes:
      - "Initial release"

preview_context:
  total: 8
  updated: "3 minutes ago"
  metrics:
    - label: "Recurring revenue"
      value: "$16,255"
      note: "+4.2% vs last month"
      tone: "success"
    - label: "Paying accounts"
      value: "6"
      note: "1 trial, 1 churned"
      tone: "neutral"
    - label: "Seats in use"
      value: "191"
      note: "82% of licensed"
      tone: "neutral"
    - label: "Net revenue retention"
      value: "104%"
      note: "Trailing twelve months"
      tone: "success"
  customers:
    - initials: "AF"
      company: "AtlasForge"
      contact: "Mara Quill"
      plan: "Scale"
      status: "Active"
      status_variant: "success"
      health: "Healthy"
      health_variant: "success"
      mrr: "4,480"
      seats: "42"
      renews: "2 Nov 2026"
    - initials: "KB"
      company: "Kite & Bell"
      contact: "Jonah Price"
      plan: "Growth"
      status: "Active"
      status_variant: "success"
      health: "Watch"
      health_variant: "warning"
      mrr: "1,940"
      seats: "18"
      renews: "18 Sep 2026"
    - initials: "NC"
      company: "Northwind Co"
      contact: "Elise Faraday"
      plan: "Growth"
      status: "Trial"
      status_variant: "info"
      health: "Healthy"
      health_variant: "success"
      mrr: "0"
      seats: "12"
      renews: "29 Jul 2026"
    - initials: "VL"
      company: "Verity Labs"
      contact: "Sam Okonkwo"
      plan: "Starter"
      status: "Active"
      status_variant: "success"
      health: "Healthy"
      health_variant: "success"
      mrr: "490"
      seats: "6"
      renews: "14 Aug 2026"
    - initials: "IG"
      company: "Ironvale Group"
      contact: "Priya Raman"
      plan: "Scale"
      status: "Past due"
      status_variant: "warning"
      health: "At risk"
      health_variant: "error"
      mrr: "6,720"
      seats: "64"
      renews: "1 Aug 2026"
    - initials: "HF"
      company: "Halloway & Finch"
      contact: "Tom Halloway"
      plan: "Starter"
      status: "Active"
      status_variant: "success"
      health: "Watch"
      health_variant: "warning"
      mrr: "245"
      seats: "3"
      renews: "5 Oct 2026"
    - initials: "OS"
      company: "Orrery Systems"
      contact: "Ada Wren"
      plan: "Growth"
      status: "Active"
      status_variant: "success"
      health: "Healthy"
      health_variant: "success"
      mrr: "2,380"
      seats: "24"
      renews: "11 Dec 2026"
    - initials: "SL"
      company: "Silverbeck Logistics"
      contact: "Nils Berger"
      plan: "Growth"
      status: "Churned"
      status_variant: "neutral"
      health: "At risk"
      health_variant: "error"
      mrr: "0"
      seats: "22"
      renews: "3 Jun 2026"
  overdue_invoices: []
