name: Magic link
ref: lb/auth/magic-link
type: fe
labb_version: ">=0.5.0"
description: "Passwordless sign-in — the form becomes a 'check your inbox' state from one client signal, with no server behind it"
category: auth
status: launch
thumbnail: thumbnails/magic-link.png
tags:
  - auth
  - sign-in
  - passwordless
  - reactive
  - zero-server
preview_context: {}
changelog:
  - date: "2026-07-14"
    notes:
      - "Initial release"

allow_fixed_colours:
  - "#8b5cf6"
  - "#d946ef"
  - "#f472b6"
  - "#fb923c"
