name: Expandable rows
ref: lb/data-table/expandable-rows
type: fe
labb_version: ">=0.5.0"
description: "Rows that open a detail panel in place from a client signal — the invoices, the owner and the activity, without leaving the table"
category: data-table
thumbnail: thumbnails/expandable-rows.png
status: launch
tags:
  - datatable
  - expandable
  - reactive
  - signals
  - zero-server
changelog:
  - date: "2026-07-14"
    notes:
      - "Initial release"

preview_context:
  total: 6
  open: 0
  customers:
    - id: 1
      initials: "AF"
      company: "AtlasForge"
      contact: "Mara Quill"
      title: "VP Finance"
      email: "mara@atlasforge.io"
      owner: "Dara Osei"
      plan: "Scale"
      status: "Active"
      status_variant: "success"
      health: "Healthy"
      health_variant: "success"
      mrr: "4,480"
      seats: "42"
      seats_used: "38"
      renews: "2 Nov 2026"
      since: "March 2024"
      activity: "Signed a 12-month renewal on 2 Nov. Added 8 seats in June."
      invoices:
        - number: "INV-2041"
          issued: "1 Jul 2026"
          amount: "4,480"
          state: "Paid"
          state_variant: "success"
        - number: "INV-2012"
          issued: "1 Jun 2026"
          amount: "4,480"
          state: "Paid"
          state_variant: "success"
        - number: "INV-1988"
          issued: "1 May 2026"
          amount: "4,120"
          state: "Paid"
          state_variant: "success"
    - id: 2
      initials: "KB"
      company: "Kite & Bell"
      contact: "Jonah Price"
      title: "Head of Ops"
      email: "jonah@kiteandbell.com"
      owner: "Dara Osei"
      plan: "Growth"
      status: "Active"
      status_variant: "success"
      health: "Watch"
      health_variant: "warning"
      mrr: "1,940"
      seats: "18"
      seats_used: "9"
      renews: "18 Sep 2026"
      since: "August 2025"
      activity: "Weekly active seats down 34% since May. Two support escalations in June."
      invoices:
        - number: "INV-2044"
          issued: "1 Jul 2026"
          amount: "1,940"
          state: "Open"
          state_variant: "info"
        - number: "INV-2015"
          issued: "1 Jun 2026"
          amount: "1,940"
          state: "Paid"
          state_variant: "success"
    - id: 3
      initials: "NC"
      company: "Northwind Co"
      contact: "Elise Faraday"
      title: "Finance Manager"
      email: "elise@northwind.co"
      owner: "Priya Raman"
      plan: "Growth"
      status: "Trial"
      status_variant: "info"
      health: "Healthy"
      health_variant: "success"
      mrr: "0"
      seats: "12"
      seats_used: "11"
      renews: "29 Jul 2026"
      since: "July 2026"
      activity: "Trial started 15 Jul. Imported 1,204 customers on day two."
      invoices: []
    - id: 4
      initials: "VL"
      company: "Verity Labs"
      contact: "Sam Okonkwo"
      title: "Founder"
      email: "sam@veritylabs.com"
      owner: "Dara Osei"
      plan: "Starter"
      status: "Active"
      status_variant: "success"
      health: "Healthy"
      health_variant: "success"
      mrr: "490"
      seats: "6"
      seats_used: "6"
      renews: "14 Aug 2026"
      since: "January 2026"
      activity: "Every seat in use. Flagged for a Growth conversation in August."
      invoices:
        - number: "INV-2049"
          issued: "1 Jul 2026"
          amount: "490"
          state: "Paid"
          state_variant: "success"
    - id: 5
      initials: "IG"
      company: "Ironvale Group"
      contact: "Priya Raman"
      title: "Group Controller"
      email: "priya@ironvale.com"
      owner: "Mira Chen"
      plan: "Scale"
      status: "Past due"
      status_variant: "warning"
      health: "At risk"
      health_variant: "error"
      mrr: "6,720"
      seats: "64"
      seats_used: "51"
      renews: "1 Aug 2026"
      since: "June 2023"
      activity: "Card declined twice on 1 Jul. Renewal is 18 days out and unsigned."
      invoices:
        - number: "INV-2038"
          issued: "1 Jul 2026"
          amount: "6,720"
          state: "Overdue"
          state_variant: "error"
        - number: "INV-2009"
          issued: "1 Jun 2026"
          amount: "6,720"
          state: "Paid"
          state_variant: "success"
    - id: 6
      initials: "OS"
      company: "Orrery Systems"
      contact: "Ada Wren"
      title: "COO"
      email: "ada@orrery.systems"
      owner: "Mira Chen"
      plan: "Growth"
      status: "Active"
      status_variant: "success"
      health: "Healthy"
      health_variant: "success"
      mrr: "2,380"
      seats: "24"
      seats_used: "22"
      renews: "11 Dec 2026"
      since: "October 2024"
      activity: "Upgraded from Starter in April. Usage up 22% quarter on quarter."
      invoices:
        - number: "INV-2052"
          issued: "1 Jul 2026"
          amount: "2,380"
          state: "Paid"
          state_variant: "success"
        - number: "INV-2021"
          issued: "1 Jun 2026"
          amount: "2,380"
          state: "Paid"
          state_variant: "success"
